
Microsoft Visual Studio Solution File, Format Version 12.00
# Visual Studio Version 17
VisualStudioVersion = 17.4.33213.308
MinimumVisualStudioVersion = 10.0.40219.1
Project("{FAE04EC0-301F-11D3-BF4B-00C04F79EFBC}") = "AspNetCoreIdentityApp.Web", "AspNetCoreIdentityApp.Web\AspNetCoreIdentityApp.Web.csproj", "{E5110224-D60D-4393-9314-F76468B0E122}"
EndProject
Global
	GlobalSection(SolutionConfigurationPlatforms) = preSolution
		Debug|Any CPU = Debug|Any CPU
		Release|Any CPU = Release|Any CPU
	EndGlobalSection
	GlobalSection(ProjectConfigurationPlatforms) = postSolution
		{E5110224-D60D-4393-9314-F76468B0E122}.Debug|Any CPU.ActiveCfg = Debug|Any CPU
		{E5110224-D60D-4393-9314-F76468B0E122}.Debug|Any CPU.Build.0 = Debug|Any CPU
		{E5110224-D60D-4393-9314-F76468B0E122}.Release|Any CPU.ActiveCfg = Release|Any CPU
		{E5110224-D60D-4393-9314-F76468B0E122}.Release|Any CPU.Build.0 = Release|Any CPU
	EndGlobalSection
	GlobalSection(SolutionProperties) = preSolution
		HideSolutionNode = FALSE
	EndGlobalSection
	GlobalSection(ExtensibilityGlobals) = postSolution
		SolutionGuid = {54914885-5119-4E4C-ABFF-5F0CDEEA83A2}
	EndGlobalSection
EndGlobal
